# THIS IS AN AUTOGENERATED FILE. DO NOT EDIT THIS FILE DIRECTLY.
# yarn lockfile v1


"@types/node@*":
  version "14.14.37"
  resolved "https://registry.yarnpkg.com/@types/node/-/node-14.14.37.tgz#a3dd8da4eb84a996c36e331df98d82abd76b516e"
  integrity sha512-XYmBiy+ohOR4Lh5jE379fV2IU+6Jn4g5qASinhitfyO71b/sCo6MKsMLF5tc7Zf2CE8hViVQyYSobJNke8OvUw==

"@types/sqlite3@^3.1.7":
  version "3.1.7"
  resolved "https://registry.yarnpkg.com/@types/sqlite3/-/sqlite3-3.1.7.tgz#84fbc65946603d15cff4968d0cb283d1879dd156"
  integrity sha512-8FHV/8Uzd7IwdHm5mvmF2Aif4aC/gjrt4axWD9SmfaxITnOjtOhCbOSTuqv/VbH1uq0QrwlaTj9aTz3gmR6u4w==
  dependencies:
    "@types/node" "*"

fputils@^1.1.6:
  version "1.2.8"
  resolved "https://registry.yarnpkg.com/fputils/-/fputils-1.2.8.tgz#1b8e1edaad67e6fadfbfab44aea01ea4bc0f7374"
  integrity sha512-ficaFLpd7ytFTxHQGd7ZKk48WVAbi3bPNWU9J3nyNZ9iSPxbE3PmMCdfhAV1YzJY1UNvnegba/9d1iZugGcbzg==

typescript@^4.2.3:
  version "4.5.5"
  resolved "https://registry.yarnpkg.com/typescript/-/typescript-4.5.5.tgz#d8c953832d28924a9e3d37c73d729c846c5896f3"
  integrity sha512-TCTIul70LyWe6IJWT8QSYeA54WQe8EjQFU4wY52Fasj5UKx88LNYKCgBEHcOMOrFF1rKGbD8v/xcNWVUq9SymA==
